
Microsoft Visual Studio Solution File, Format Version 12.00
# Visual Studio Version 17
VisualStudioVersion = 17.7.34024.191
MinimumVisualStudioVersion = 10.0.40219.1
Project("{9A19103F-16F7-4668-BE54-9A1E7A4F7556}") = "lab1_4kurs", "lab1_4kurs.csproj", "{7618B95D-D9E8-47CD-B683-A0FA6F97D003}"
EndProject
Project("{FAE04EC0-301F-11D3-BF4B-00C04F79EFBC}") = "Contracts", "..\Contracts\Contracts.csproj", "{D1F9C593-5C1B-4E37-AD1D-FAE0EEF0EA9A}"
EndProject
Project("{FAE04EC0-301F-11D3-BF4B-00C04F79EFBC}") = "LoggerService", "..\LoggerService\LoggerService.csproj", "{813BD250-A0F7-4AAC-9BC8-A3FAF70935F0}"
EndProject
Global
	GlobalSection(SolutionConfigurationPlatforms) = preSolution
		Debug|Any CPU = Debug|Any CPU
		Release|Any CPU = Release|Any CPU
	EndGlobalSection
	GlobalSection(ProjectConfigurationPlatforms) = postSolution
		{7618B95D-D9E8-47CD-B683-A0FA6F97D003}.Debug|Any CPU.ActiveCfg = Debug|Any CPU
		{7618B95D-D9E8-47CD-B683-A0FA6F97D003}.Debug|Any CPU.Build.0 = Debug|Any CPU
		{7618B95D-D9E8-47CD-B683-A0FA6F97D003}.Release|Any CPU.ActiveCfg = Release|Any CPU
		{7618B95D-D9E8-47CD-B683-A0FA6F97D003}.Release|Any CPU.Build.0 = Release|Any CPU
		{D1F9C593-5C1B-4E37-AD1D-FAE0EEF0EA9A}.Debug|Any CPU.ActiveCfg = Debug|Any CPU
		{D1F9C593-5C1B-4E37-AD1D-FAE0EEF0EA9A}.Debug|Any CPU.Build.0 = Debug|Any CPU
		{D1F9C593-5C1B-4E37-AD1D-FAE0EEF0EA9A}.Release|Any CPU.ActiveCfg = Release|Any CPU
		{D1F9C593-5C1B-4E37-AD1D-FAE0EEF0EA9A}.Release|Any CPU.Build.0 = Release|Any CPU
		{813BD250-A0F7-4AAC-9BC8-A3FAF70935F0}.Debug|Any CPU.ActiveCfg = Debug|Any CPU
		{813BD250-A0F7-4AAC-9BC8-A3FAF70935F0}.Debug|Any CPU.Build.0 = Debug|Any CPU
		{813BD250-A0F7-4AAC-9BC8-A3FAF70935F0}.Release|Any CPU.ActiveCfg = Release|Any CPU
		{813BD250-A0F7-4AAC-9BC8-A3FAF70935F0}.Release|Any CPU.Build.0 = Release|Any CPU
	EndGlobalSection
	GlobalSection(SolutionProperties) = preSolution
		HideSolutionNode = FALSE
	EndGlobalSection
	GlobalSection(ExtensibilityGlobals) = postSolution
		SolutionGuid = {E81A5761-2C75-498A-A343-8CA848DC5A3A}
	EndGlobalSection
EndGlobal
