
Microsoft Visual Studio Solution File, Format Version 12.00
# Visual Studio Version 17
VisualStudioVersion = 17.7.34031.279
MinimumVisualStudioVersion = 10.0.40219.1
Project("{9A19103F-16F7-4668-BE54-9A1E7A4F7556}") = "WebApplication1", "WebApplication1\WebApplication1.csproj", "{3CA9ACE6-0BDC-4CA2-9A7E-7D15B8620696}"
EndProject
Project("{9A19103F-16F7-4668-BE54-9A1E7A4F7556}") = "Contracts", "Contracts\Contracts.csproj", "{09B14748-E9F3-49BC-BFB7-9C6BE4E1B67F}"
EndProject
Project("{9A19103F-16F7-4668-BE54-9A1E7A4F7556}") = "LoggerService", "LoggerService\LoggerService.csproj", "{057BF3D8-5DC5-4FCA-A894-A4962D42E9DD}"
EndProject
Project("{9A19103F-16F7-4668-BE54-9A1E7A4F7556}") = "Entities", "Entities\Entities.csproj", "{5A3C6EC1-51FE-46D0-980D-F70D8D27C9CA}"
EndProject
Project("{FAE04EC0-301F-11D3-BF4B-00C04F79EFBC}") = "Repository", "Repository\Repository.csproj", "{8729BEAD-719A-4340-BC6A-9A389C2B8AAE}"
EndProject
Global
	GlobalSection(SolutionConfigurationPlatforms) = preSolution
		Debug|Any CPU = Debug|Any CPU
		Release|Any CPU = Release|Any CPU
	EndGlobalSection
	GlobalSection(ProjectConfigurationPlatforms) = postSolution
		{3CA9ACE6-0BDC-4CA2-9A7E-7D15B8620696}.Debug|Any CPU.ActiveCfg = Debug|Any CPU
		{3CA9ACE6-0BDC-4CA2-9A7E-7D15B8620696}.Debug|Any CPU.Build.0 = Debug|Any CPU
		{3CA9ACE6-0BDC-4CA2-9A7E-7D15B8620696}.Release|Any CPU.ActiveCfg = Release|Any CPU
		{3CA9ACE6-0BDC-4CA2-9A7E-7D15B8620696}.Release|Any CPU.Build.0 = Release|Any CPU
		{09B14748-E9F3-49BC-BFB7-9C6BE4E1B67F}.Debug|Any CPU.ActiveCfg = Debug|Any CPU
		{09B14748-E9F3-49BC-BFB7-9C6BE4E1B67F}.Debug|Any CPU.Build.0 = Debug|Any CPU
		{09B14748-E9F3-49BC-BFB7-9C6BE4E1B67F}.Release|Any CPU.ActiveCfg = Release|Any CPU
		{09B14748-E9F3-49BC-BFB7-9C6BE4E1B67F}.Release|Any CPU.Build.0 = Release|Any CPU
		{057BF3D8-5DC5-4FCA-A894-A4962D42E9DD}.Debug|Any CPU.ActiveCfg = Debug|Any CPU
		{057BF3D8-5DC5-4FCA-A894-A4962D42E9DD}.Debug|Any CPU.Build.0 = Debug|Any CPU
		{057BF3D8-5DC5-4FCA-A894-A4962D42E9DD}.Release|Any CPU.ActiveCfg = Release|Any CPU
		{057BF3D8-5DC5-4FCA-A894-A4962D42E9DD}.Release|Any CPU.Build.0 = Release|Any CPU
		{5A3C6EC1-51FE-46D0-980D-F70D8D27C9CA}.Debug|Any CPU.ActiveCfg = Debug|Any CPU
		{5A3C6EC1-51FE-46D0-980D-F70D8D27C9CA}.Debug|Any CPU.Build.0 = Debug|Any CPU
		{5A3C6EC1-51FE-46D0-980D-F70D8D27C9CA}.Release|Any CPU.ActiveCfg = Release|Any CPU
		{5A3C6EC1-51FE-46D0-980D-F70D8D27C9CA}.Release|Any CPU.Build.0 = Release|Any CPU
		{8729BEAD-719A-4340-BC6A-9A389C2B8AAE}.Debug|Any CPU.ActiveCfg = Debug|Any CPU
		{8729BEAD-719A-4340-BC6A-9A389C2B8AAE}.Debug|Any CPU.Build.0 = Debug|Any CPU
		{8729BEAD-719A-4340-BC6A-9A389C2B8AAE}.Release|Any CPU.ActiveCfg = Release|Any CPU
		{8729BEAD-719A-4340-BC6A-9A389C2B8AAE}.Release|Any CPU.Build.0 = Release|Any CPU
	EndGlobalSection
	GlobalSection(SolutionProperties) = preSolution
		HideSolutionNode = FALSE
	EndGlobalSection
	GlobalSection(ExtensibilityGlobals) = postSolution
		SolutionGuid = {EFC1EB33-E102-43F7-8262-B07B99FA14C3}
	EndGlobalSection
EndGlobal
